{
  "name": "llm-gateway",
  "version": "1.0.0",
  "lockfileVersion": 3,
  "requires": true,
  "packages": {
    "": {
      "name": "llm-gateway",
      "version": "1.0.0",
      "dependencies": {
        "@openrouter/sdk": "^0.1.11"
      },
      "engines": {
        "node": ">=18.x"
      }
    },
    "node_modules/@openrouter/sdk": {
      "version": "0.1.11",
      "resolved": "https://registry.npmjs.org/@openrouter/sdk/-/sdk-0.1.11.tgz",
      "integrity": "sha512-OuPc8qqidL/PUM8+9WgrOfSR9+b6rKIWiezGcUJ54iPTdh+Gye5Qjut6hrLWlOCMZE7Z853gN90r1ft4iChj7Q==",
      "license": "Apache-2.0",
      "dependencies": {
        "zod": "^3.25.0 || ^4.0.0"
      },
      "peerDependencies": {
        "@tanstack/react-query": "^5",
        "react": "^18 || ^19",
        "react-dom": "^18 || ^19"
      },
      "peerDependenciesMeta": {
        "@tanstack/react-query": {
          "optional": true
        },
        "react": {
          "optional": true
        },
        "react-dom": {
          "optional": true
        }
      }
    },
    "node_modules/zod": {
      "version": "4.1.12",
      "resolved": "https://registry.npmjs.org/zod/-/zod-4.1.12.tgz",
      "integrity": "sha512-JInaHOamG8pt5+Ey8kGmdcAcg3OL9reK8ltczgHTAwNhMys/6ThXHityHxVV2p3fkw/c+MAvBHFVYHFZDmjMCQ==",
      "license": "MIT",
      "funding": {
        "url": "https://github.com/sponsors/colinhacks"
      }
    }
  }
}
